
Microsoft Visual Studio Solution File, Format Version 12.00
# Visual Studio Version 16
VisualStudioVersion = 16.0.30803.129
MinimumVisualStudioVersion = 10.0.40219.1
Project("{FAE04EC0-301F-11D3-BF4B-00C04F79EFBC}") = "IXCApiClient", "IXCApiClient\IXCApiClient.csproj", "{EC449941-7A07-4583-B735-9953C36EB2DA}"
EndProject
Global
	GlobalSection(SolutionConfigurationPlatforms) = preSolution
		Debug|Any CPU = Debug|Any CPU
		Release|Any CPU = Release|Any CPU
	EndGlobalSection
	GlobalSection(ProjectConfigurationPlatforms) = postSolution
		{EC449941-7A07-4583-B735-9953C36EB2DA}.Debug|Any CPU.ActiveCfg = Debug|Any CPU
		{EC449941-7A07-4583-B735-9953C36EB2DA}.Debug|Any CPU.Build.0 = Debug|Any CPU
		{EC449941-7A07-4583-B735-9953C36EB2DA}.Release|Any CPU.ActiveCfg = Release|Any CPU
		{EC449941-7A07-4583-B735-9953C36EB2DA}.Release|Any CPU.Build.0 = Release|Any CPU
	EndGlobalSection
	GlobalSection(SolutionProperties) = preSolution
		HideSolutionNode = FALSE
	EndGlobalSection
	GlobalSection(ExtensibilityGlobals) = postSolution
		SolutionGuid = {EF51F0C5-EF66-4A88-B4BC-A0F022D7EAF1}
	EndGlobalSection
EndGlobal
