
Microsoft Visual Studio Solution File, Format Version 12.00
# Visual Studio Version 17
VisualStudioVersion = 17.1.31903.286
MinimumVisualStudioVersion = 10.0.40219.1
Project("{FAE04EC0-301F-11D3-BF4B-00C04F79EFBC}") = "IXCApiClient", "IXCApiClient\IXCApiClient.csproj", "{0AC08487-25EB-4862-96C4-EF5272DA5C69}"
EndProject
Project("{9A19103F-16F7-4668-BE54-9A1E7A4F7556}") = "ManyHelpers", "..\ManyHelpers\ManyHelpers\ManyHelpers.csproj", "{5A526F83-1CC1-4953-BBFB-6899F340A905}"
EndProject
Global
	GlobalSection(SolutionConfigurationPlatforms) = preSolution
		Debug|Any CPU = Debug|Any CPU
		Release|Any CPU = Release|Any CPU
	EndGlobalSection
	GlobalSection(ProjectConfigurationPlatforms) = postSolution
		{0AC08487-25EB-4862-96C4-EF5272DA5C69}.Debug|Any CPU.ActiveCfg = Debug|Any CPU
		{0AC08487-25EB-4862-96C4-EF5272DA5C69}.Debug|Any CPU.Build.0 = Debug|Any CPU
		{0AC08487-25EB-4862-96C4-EF5272DA5C69}.Release|Any CPU.ActiveCfg = Release|Any CPU
		{0AC08487-25EB-4862-96C4-EF5272DA5C69}.Release|Any CPU.Build.0 = Release|Any CPU
		{5A526F83-1CC1-4953-BBFB-6899F340A905}.Debug|Any CPU.ActiveCfg = Debug|Any CPU
		{5A526F83-1CC1-4953-BBFB-6899F340A905}.Debug|Any CPU.Build.0 = Debug|Any CPU
		{5A526F83-1CC1-4953-BBFB-6899F340A905}.Release|Any CPU.ActiveCfg = Release|Any CPU
		{5A526F83-1CC1-4953-BBFB-6899F340A905}.Release|Any CPU.Build.0 = Release|Any CPU
	EndGlobalSection
	GlobalSection(SolutionProperties) = preSolution
		HideSolutionNode = FALSE
	EndGlobalSection
	GlobalSection(ExtensibilityGlobals) = postSolution
		SolutionGuid = {F1FA73D0-B3D3-4164-9E21-04FB303D44BB}
	EndGlobalSection
EndGlobal
